
Microsoft Visual Studio Solution File, Format Version 12.00
# Visual Studio Version 17
VisualStudioVersion = 17.4.33403.182
MinimumVisualStudioVersion = 10.0.40219.1
Project("{FAE04EC0-301F-11D3-BF4B-00C04F79EFBC}") = "Cs_skillfactory_module3_task", "Cs_skillfactory_module3_task\Cs_skillfactory_module3_task.csproj", "{623002C3-4D12-43E6-9F99-EA4BF0B000EC}"
EndProject
Global
	GlobalSection(SolutionConfigurationPlatforms) = preSolution
		Debug|Any CPU = Debug|Any CPU
		Release|Any CPU = Release|Any CPU
	EndGlobalSection
	GlobalSection(ProjectConfigurationPlatforms) = postSolution
		{623002C3-4D12-43E6-9F99-EA4BF0B000EC}.Debug|Any CPU.ActiveCfg = Debug|Any CPU
		{623002C3-4D12-43E6-9F99-EA4BF0B000EC}.Debug|Any CPU.Build.0 = Debug|Any CPU
		{623002C3-4D12-43E6-9F99-EA4BF0B000EC}.Release|Any CPU.ActiveCfg = Release|Any CPU
		{623002C3-4D12-43E6-9F99-EA4BF0B000EC}.Release|Any CPU.Build.0 = Release|Any CPU
	EndGlobalSection
	GlobalSection(SolutionProperties) = preSolution
		HideSolutionNode = FALSE
	EndGlobalSection
	GlobalSection(ExtensibilityGlobals) = postSolution
		SolutionGuid = {3448A483-9A4E-4E3C-BB3A-49BCEC32BAC2}
	EndGlobalSection
EndGlobal
